
Microsoft Visual Studio Solution File, Format Version 12.00
# Visual Studio 15
VisualStudioVersion = 15.0.28307.757
MinimumVisualStudioVersion = 10.0.40219.1
Project("{FAE04EC0-301F-11D3-BF4B-00C04F79EFBC}") = "PDQ_Public", "PDQ_Public\PDQ_Public.csproj", "{DA6044A0-F3BF-46A4-A1F0-D934DE27E1BB}"
EndProject
Global
	GlobalSection(SolutionConfigurationPlatforms) = preSolution
		Debug|Any CPU = Debug|Any CPU
		Release|Any CPU = Release|Any CPU
	EndGlobalSection
	GlobalSection(ProjectConfigurationPlatforms) = postSolution
		{DA6044A0-F3BF-46A4-A1F0-D934DE27E1BB}.Debug|Any CPU.ActiveCfg = Debug|Any CPU
		{DA6044A0-F3BF-46A4-A1F0-D934DE27E1BB}.Debug|Any CPU.Build.0 = Debug|Any CPU
		{DA6044A0-F3BF-46A4-A1F0-D934DE27E1BB}.Release|Any CPU.ActiveCfg = Release|Any CPU
		{DA6044A0-F3BF-46A4-A1F0-D934DE27E1BB}.Release|Any CPU.Build.0 = Release|Any CPU
	EndGlobalSection
	GlobalSection(SolutionProperties) = preSolution
		HideSolutionNode = FALSE
	EndGlobalSection
	GlobalSection(ExtensibilityGlobals) = postSolution
		SolutionGuid = {A32C2ADD-E76F-43B2-98E8-846539289CE8}
	EndGlobalSection
EndGlobal
