
Microsoft Visual Studio Solution File, Format Version 12.00
# Visual Studio 15
VisualStudioVersion = 15.0.28307.757
MinimumVisualStudioVersion = 10.0.40219.1
Project("{9A19103F-16F7-4668-BE54-9A1E7A4F7556}") = "PDQ_Public", "PDQ_Public\PDQ_Public.csproj", "{DA6044A0-F3BF-46A4-A1F0-D934DE27E1BB}"
EndProject
Project("{E53339B2-1760-4266-BCC7-CA923CBCF16C}") = "docker-compose", "docker-compose.dcproj", "{E950E205-7091-42AC-AD1C-23618A569607}"
EndProject
Project("{2150E333-8FDC-42A3-9474-1A3956D46DE8}") = "Solution Items", "Solution Items", "{D423A3A7-BF16-46B7-A542-AA81B1A7855D}"
	ProjectSection(SolutionItems) = preProject
		README.md = README.md
	EndProjectSection
EndProject
Global
	GlobalSection(SolutionConfigurationPlatforms) = preSolution
		Debug|Any CPU = Debug|Any CPU
		Release|Any CPU = Release|Any CPU
	EndGlobalSection
	GlobalSection(ProjectConfigurationPlatforms) = postSolution
		{DA6044A0-F3BF-46A4-A1F0-D934DE27E1BB}.Debug|Any CPU.ActiveCfg = Debug|Any CPU
		{DA6044A0-F3BF-46A4-A1F0-D934DE27E1BB}.Debug|Any CPU.Build.0 = Debug|Any CPU
		{DA6044A0-F3BF-46A4-A1F0-D934DE27E1BB}.Release|Any CPU.ActiveCfg = Release|Any CPU
		{DA6044A0-F3BF-46A4-A1F0-D934DE27E1BB}.Release|Any CPU.Build.0 = Release|Any CPU
		{E950E205-7091-42AC-AD1C-23618A569607}.Debug|Any CPU.ActiveCfg = Debug|Any CPU
		{E950E205-7091-42AC-AD1C-23618A569607}.Debug|Any CPU.Build.0 = Debug|Any CPU
		{E950E205-7091-42AC-AD1C-23618A569607}.Release|Any CPU.ActiveCfg = Release|Any CPU
		{E950E205-7091-42AC-AD1C-23618A569607}.Release|Any CPU.Build.0 = Release|Any CPU
	EndGlobalSection
	GlobalSection(SolutionProperties) = preSolution
		HideSolutionNode = FALSE
	EndGlobalSection
	GlobalSection(ExtensibilityGlobals) = postSolution
		SolutionGuid = {A32C2ADD-E76F-43B2-98E8-846539289CE8}
	EndGlobalSection
EndGlobal
